{
  "name": "word-filter-dfa",
  "version": "0.0.2",
  "lockfileVersion": 1,
  "requires": true,
  "dependencies": {
    "@types/node": {
      "version": "9.6.25",
      "resolved": "https://registry.npmjs.org/@types/node/-/node-9.6.25.tgz",
      "integrity": "sha512-uZpzO9MKSHy7zBiTtziA3JgZP3upcAvLTASkKgheLj6/rNZmRX4UyvsFYaY2kbYcmmh8bNZ2T0eocBRCfZdGvQ==",
      "dev": true
    }
  }
}
